
Microsoft Visual Studio Solution File, Format Version 12.00
# Visual Studio Version 17
VisualStudioVersion = 17.3.32611.2
MinimumVisualStudioVersion = 10.0.40219.1
Project("{9A19103F-16F7-4668-BE54-9A1E7A4F7556}") = "BiKiep_VoLam", "BiKiep_VoLam\BiKiep_VoLam.csproj", "{5B29D073-3B98-436E-800B-919455B1CF2A}"
EndProject
Project("{2150E333-8FDC-42A3-9474-1A3956D46DE8}") = "01.DTO", "01.DTO", "{C40ADF34-7211-4F28-8A3C-B92006B76E15}"
EndProject
Project("{2150E333-8FDC-42A3-9474-1A3956D46DE8}") = "02.BLL", "02.BLL", "{2B96E54C-A03F-4BA7-AC17-1A653F2529A3}"
EndProject
Project("{2150E333-8FDC-42A3-9474-1A3956D46DE8}") = "03.WEB", "03.WEB", "{B8CFB35D-C9B3-4B02-BD6E-2BA462EEDD52}"
EndProject
Project("{9A19103F-16F7-4668-BE54-9A1E7A4F7556}") = "DTO", "01.DTO\DTO\DTO.csproj", "{097B47AF-6432-4B70-AFF7-0F57A4F22599}"
EndProject
Project("{2150E333-8FDC-42A3-9474-1A3956D46DE8}") = "04.Mobile", "04.Mobile", "{820AFE06-7B7C-447B-9493-F98AEC97808A}"
EndProject
Project("{9A19103F-16F7-4668-BE54-9A1E7A4F7556}") = "MauiApp2", "04.Mobile\MauiApp2\MauiApp2.csproj", "{C8DD26F0-3A9B-48BB-A62B-B7CDC64F9164}"
EndProject
Project("{FAE04EC0-301F-11D3-BF4B-00C04F79EFBC}") = "WEB_Database", "WEB_Database\WEB_Database.csproj", "{711B18B0-ABDF-45BC-9DA6-A246701860C2}"
EndProject
Project("{FAE04EC0-301F-11D3-BF4B-00C04F79EFBC}") = "DTO_DLL", "DTO_DLL\DTO_DLL.csproj", "{CE78113F-4A58-4CBD-B453-4D57A06A81BF}"
EndProject
Project("{2150E333-8FDC-42A3-9474-1A3956D46DE8}") = "Solution Items", "Solution Items", "{1CEB7897-3A49-4BA6-A64C-932275EA6299}"
	ProjectSection(SolutionItems) = preProject
		.editorconfig = .editorconfig
	EndProjectSection
EndProject
Project("{9A19103F-16F7-4668-BE54-9A1E7A4F7556}") = "Demo_net6", "03.WEB\Demo_net6\Demo_net6.csproj", "{05BA6760-DDB3-4D8E-9F74-05B0AA893358}"
EndProject
Project("{2150E333-8FDC-42A3-9474-1A3956D46DE8}") = "Winform", "Winform", "{F309D5DD-2480-49E5-965B-1605B163AD13}"
EndProject
Project("{FAE04EC0-301F-11D3-BF4B-00C04F79EFBC}") = "WindowsFormsApp", "Windowform\WindowsFormsApp\WindowsFormsApp.csproj", "{0893E4CE-9659-4743-B642-7A1D43DEE023}"
EndProject
Global
	GlobalSection(SolutionConfigurationPlatforms) = preSolution
		Debug|Any CPU = Debug|Any CPU
		Release|Any CPU = Release|Any CPU
	EndGlobalSection
	GlobalSection(ProjectConfigurationPlatforms) = postSolution
		{5B29D073-3B98-436E-800B-919455B1CF2A}.Debug|Any CPU.ActiveCfg = Debug|Any CPU
		{5B29D073-3B98-436E-800B-919455B1CF2A}.Debug|Any CPU.Build.0 = Debug|Any CPU
		{5B29D073-3B98-436E-800B-919455B1CF2A}.Release|Any CPU.ActiveCfg = Release|Any CPU
		{5B29D073-3B98-436E-800B-919455B1CF2A}.Release|Any CPU.Build.0 = Release|Any CPU
		{097B47AF-6432-4B70-AFF7-0F57A4F22599}.Debug|Any CPU.ActiveCfg = Debug|Any CPU
		{097B47AF-6432-4B70-AFF7-0F57A4F22599}.Debug|Any CPU.Build.0 = Debug|Any CPU
		{097B47AF-6432-4B70-AFF7-0F57A4F22599}.Release|Any CPU.ActiveCfg = Release|Any CPU
		{097B47AF-6432-4B70-AFF7-0F57A4F22599}.Release|Any CPU.Build.0 = Release|Any CPU
		{C8DD26F0-3A9B-48BB-A62B-B7CDC64F9164}.Debug|Any CPU.ActiveCfg = Debug|Any CPU
		{C8DD26F0-3A9B-48BB-A62B-B7CDC64F9164}.Debug|Any CPU.Build.0 = Debug|Any CPU
		{C8DD26F0-3A9B-48BB-A62B-B7CDC64F9164}.Debug|Any CPU.Deploy.0 = Debug|Any CPU
		{C8DD26F0-3A9B-48BB-A62B-B7CDC64F9164}.Release|Any CPU.ActiveCfg = Release|Any CPU
		{C8DD26F0-3A9B-48BB-A62B-B7CDC64F9164}.Release|Any CPU.Build.0 = Release|Any CPU
		{C8DD26F0-3A9B-48BB-A62B-B7CDC64F9164}.Release|Any CPU.Deploy.0 = Release|Any CPU
		{711B18B0-ABDF-45BC-9DA6-A246701860C2}.Debug|Any CPU.ActiveCfg = Debug|Any CPU
		{711B18B0-ABDF-45BC-9DA6-A246701860C2}.Debug|Any CPU.Build.0 = Debug|Any CPU
		{711B18B0-ABDF-45BC-9DA6-A246701860C2}.Release|Any CPU.ActiveCfg = Release|Any CPU
		{711B18B0-ABDF-45BC-9DA6-A246701860C2}.Release|Any CPU.Build.0 = Release|Any CPU
		{CE78113F-4A58-4CBD-B453-4D57A06A81BF}.Debug|Any CPU.ActiveCfg = Debug|Any CPU
		{CE78113F-4A58-4CBD-B453-4D57A06A81BF}.Debug|Any CPU.Build.0 = Debug|Any CPU
		{CE78113F-4A58-4CBD-B453-4D57A06A81BF}.Release|Any CPU.ActiveCfg = Release|Any CPU
		{CE78113F-4A58-4CBD-B453-4D57A06A81BF}.Release|Any CPU.Build.0 = Release|Any CPU
		{05BA6760-DDB3-4D8E-9F74-05B0AA893358}.Debug|Any CPU.ActiveCfg = Debug|Any CPU
		{05BA6760-DDB3-4D8E-9F74-05B0AA893358}.Debug|Any CPU.Build.0 = Debug|Any CPU
		{05BA6760-DDB3-4D8E-9F74-05B0AA893358}.Release|Any CPU.ActiveCfg = Release|Any CPU
		{05BA6760-DDB3-4D8E-9F74-05B0AA893358}.Release|Any CPU.Build.0 = Release|Any CPU
		{0893E4CE-9659-4743-B642-7A1D43DEE023}.Debug|Any CPU.ActiveCfg = Debug|Any CPU
		{0893E4CE-9659-4743-B642-7A1D43DEE023}.Debug|Any CPU.Build.0 = Debug|Any CPU
		{0893E4CE-9659-4743-B642-7A1D43DEE023}.Release|Any CPU.ActiveCfg = Release|Any CPU
		{0893E4CE-9659-4743-B642-7A1D43DEE023}.Release|Any CPU.Build.0 = Release|Any CPU
	EndGlobalSection
	GlobalSection(SolutionProperties) = preSolution
		HideSolutionNode = FALSE
	EndGlobalSection
	GlobalSection(NestedProjects) = preSolution
		{5B29D073-3B98-436E-800B-919455B1CF2A} = {B8CFB35D-C9B3-4B02-BD6E-2BA462EEDD52}
		{097B47AF-6432-4B70-AFF7-0F57A4F22599} = {C40ADF34-7211-4F28-8A3C-B92006B76E15}
		{C8DD26F0-3A9B-48BB-A62B-B7CDC64F9164} = {820AFE06-7B7C-447B-9493-F98AEC97808A}
		{711B18B0-ABDF-45BC-9DA6-A246701860C2} = {C40ADF34-7211-4F28-8A3C-B92006B76E15}
		{CE78113F-4A58-4CBD-B453-4D57A06A81BF} = {C40ADF34-7211-4F28-8A3C-B92006B76E15}
		{0893E4CE-9659-4743-B642-7A1D43DEE023} = {F309D5DD-2480-49E5-965B-1605B163AD13}
	EndGlobalSection
	GlobalSection(ExtensibilityGlobals) = postSolution
		SolutionGuid = {E4C8B9A6-3CEA-43B9-866D-AF04BFF9D018}
	EndGlobalSection
EndGlobal
